
Microsoft Visual Studio Solution File, Format Version 12.00
# Visual Studio 15
VisualStudioVersion = 15.0.27130.2010
MinimumVisualStudioVersion = 10.0.40219.1
Project("{9A19103F-16F7-4668-BE54-9A1E7A4F7556}") = "SampleWebAPI", "SampleWebAPI\SampleWebAPI.csproj", "{E24DFB3B-E4F5-401A-966A-443494431CEB}"
EndProject
Project("{9A19103F-16F7-4668-BE54-9A1E7A4F7556}") = "SampleWebAPI.Data", "SampleWebAPI.Data\SampleWebAPI.Data.csproj", "{B92FE417-EBA7-44D0-81DC-1BC6B8A50FC2}"
EndProject
Global
	GlobalSection(SolutionConfigurationPlatforms) = preSolution
		Debug|Any CPU = Debug|Any CPU
		Release|Any CPU = Release|Any CPU
	EndGlobalSection
	GlobalSection(ProjectConfigurationPlatforms) = postSolution
		{E24DFB3B-E4F5-401A-966A-443494431CEB}.Debug|Any CPU.ActiveCfg = Debug|Any CPU
		{E24DFB3B-E4F5-401A-966A-443494431CEB}.Debug|Any CPU.Build.0 = Debug|Any CPU
		{E24DFB3B-E4F5-401A-966A-443494431CEB}.Release|Any CPU.ActiveCfg = Release|Any CPU
		{E24DFB3B-E4F5-401A-966A-443494431CEB}.Release|Any CPU.Build.0 = Release|Any CPU
		{B92FE417-EBA7-44D0-81DC-1BC6B8A50FC2}.Debug|Any CPU.ActiveCfg = Debug|Any CPU
		{B92FE417-EBA7-44D0-81DC-1BC6B8A50FC2}.Debug|Any CPU.Build.0 = Debug|Any CPU
		{B92FE417-EBA7-44D0-81DC-1BC6B8A50FC2}.Release|Any CPU.ActiveCfg = Release|Any CPU
		{B92FE417-EBA7-44D0-81DC-1BC6B8A50FC2}.Release|Any CPU.Build.0 = Release|Any CPU
	EndGlobalSection
	GlobalSection(SolutionProperties) = preSolution
		HideSolutionNode = FALSE
	EndGlobalSection
	GlobalSection(ExtensibilityGlobals) = postSolution
		SolutionGuid = {3581D48D-8AE2-4282-A869-492841ECA547}
	EndGlobalSection
EndGlobal
